
Microsoft Visual Studio Solution File, Format Version 12.00
# Visual Studio Version 17
VisualStudioVersion = 17.9.34728.123
MinimumVisualStudioVersion = 10.0.40219.1
Project("{8BC9CEB8-8B4A-11D0-8D11-00A0C91BC942}") = "MT3_02_06", "MT3_02_06.vcxproj", "{53E469C6-633B-4135-85DB-EA64EAADC8E6}"
EndProject
Global
	GlobalSection(SolutionConfigurationPlatforms) = preSolution
		Debug|x64 = Debug|x64
		Release|x64 = Release|x64
	EndGlobalSection
	GlobalSection(ProjectConfigurationPlatforms) = postSolution
		{53E469C6-633B-4135-85DB-EA64EAADC8E6}.Debug|x64.ActiveCfg = Debug|x64
		{53E469C6-633B-4135-85DB-EA64EAADC8E6}.Debug|x64.Build.0 = Debug|x64
		{53E469C6-633B-4135-85DB-EA64EAADC8E6}.Release|x64.ActiveCfg = Release|x64
		{53E469C6-633B-4135-85DB-EA64EAADC8E6}.Release|x64.Build.0 = Release|x64
	EndGlobalSection
	GlobalSection(SolutionProperties) = preSolution
		HideSolutionNode = FALSE
	EndGlobalSection
	GlobalSection(ExtensibilityGlobals) = postSolution
		SolutionGuid = {05FBC8B0-A367-4C87-BCAE-B34415CB8F6F}
	EndGlobalSection
EndGlobal
